
Microsoft Visual Studio Solution File, Format Version 12.00
# Visual Studio Version 16
VisualStudioVersion = 16.0.29201.188
MinimumVisualStudioVersion = 10.0.40219.1
Project("{9A19103F-16F7-4668-BE54-9A1E7A4F7556}") = "WebScrapper", "WebScrapper\WebScrapper.csproj", "{8EEBBB76-D7D5-4259-B5A1-181C02F06576}"
EndProject
Project("{9A19103F-16F7-4668-BE54-9A1E7A4F7556}") = "Models", "Models\Models.csproj", "{AA83FBDD-A05B-401D-920D-B687EA18A007}"
EndProject
Project("{9A19103F-16F7-4668-BE54-9A1E7A4F7556}") = "Database", "Database\Database.csproj", "{71666021-6363-447A-A253-5C0848F12738}"
EndProject
Project("{FAE04EC0-301F-11D3-BF4B-00C04F79EFBC}") = "SeleniumApp", "SeleniumApp\SeleniumApp.csproj", "{D1BCBB51-BA13-4221-8A2B-EC6BA2B78C57}"
EndProject
Project("{9A19103F-16F7-4668-BE54-9A1E7A4F7556}") = "HamiltonPageScrapper", "HamiltonPageScrapper\HamiltonPageScrapper.csproj", "{764E6367-46D8-4175-836B-5C50B7DBF4B2}"
EndProject
Project("{9A19103F-16F7-4668-BE54-9A1E7A4F7556}") = "Contracts", "Contracts\Contracts.csproj", "{15F55006-899D-4EC4-A99F-F3B2EC3185CA}"
EndProject
Project("{FAE04EC0-301F-11D3-BF4B-00C04F79EFBC}") = "WebRunner", "WebRunner\WebRunner.csproj", "{61080717-D91F-405C-8286-F3C0E354DF43}"
EndProject
Project("{2150E333-8FDC-42A3-9474-1A3956D46DE8}") = "SQL Scripts", "SQL Scripts", "{8E1347A6-3867-4D49-8573-D34001317C58}"
	ProjectSection(SolutionItems) = preProject
		InnerLinks.sql = InnerLinks.sql
		WebTargets.sql = WebTargets.sql
	EndProjectSection
EndProject
Project("{FAE04EC0-301F-11D3-BF4B-00C04F79EFBC}") = "Utilities", "Utilities\Utilities.csproj", "{5DA5CE51-948D-4314-86A7-36F921DDAA10}"
EndProject
Global
	GlobalSection(SolutionConfigurationPlatforms) = preSolution
		Debug|Any CPU = Debug|Any CPU
		Release|Any CPU = Release|Any CPU
	EndGlobalSection
	GlobalSection(ProjectConfigurationPlatforms) = postSolution
		{8EEBBB76-D7D5-4259-B5A1-181C02F06576}.Debug|Any CPU.ActiveCfg = Debug|Any CPU
		{8EEBBB76-D7D5-4259-B5A1-181C02F06576}.Debug|Any CPU.Build.0 = Debug|Any CPU
		{8EEBBB76-D7D5-4259-B5A1-181C02F06576}.Release|Any CPU.ActiveCfg = Release|Any CPU
		{8EEBBB76-D7D5-4259-B5A1-181C02F06576}.Release|Any CPU.Build.0 = Release|Any CPU
		{AA83FBDD-A05B-401D-920D-B687EA18A007}.Debug|Any CPU.ActiveCfg = Debug|Any CPU
		{AA83FBDD-A05B-401D-920D-B687EA18A007}.Debug|Any CPU.Build.0 = Debug|Any CPU
		{AA83FBDD-A05B-401D-920D-B687EA18A007}.Release|Any CPU.ActiveCfg = Release|Any CPU
		{AA83FBDD-A05B-401D-920D-B687EA18A007}.Release|Any CPU.Build.0 = Release|Any CPU
		{71666021-6363-447A-A253-5C0848F12738}.Debug|Any CPU.ActiveCfg = Debug|Any CPU
		{71666021-6363-447A-A253-5C0848F12738}.Debug|Any CPU.Build.0 = Debug|Any CPU
		{71666021-6363-447A-A253-5C0848F12738}.Release|Any CPU.ActiveCfg = Release|Any CPU
		{71666021-6363-447A-A253-5C0848F12738}.Release|Any CPU.Build.0 = Release|Any CPU
		{D1BCBB51-BA13-4221-8A2B-EC6BA2B78C57}.Debug|Any CPU.ActiveCfg = Debug|Any CPU
		{D1BCBB51-BA13-4221-8A2B-EC6BA2B78C57}.Debug|Any CPU.Build.0 = Debug|Any CPU
		{D1BCBB51-BA13-4221-8A2B-EC6BA2B78C57}.Release|Any CPU.ActiveCfg = Release|Any CPU
		{D1BCBB51-BA13-4221-8A2B-EC6BA2B78C57}.Release|Any CPU.Build.0 = Release|Any CPU
		{764E6367-46D8-4175-836B-5C50B7DBF4B2}.Debug|Any CPU.ActiveCfg = Debug|Any CPU
		{764E6367-46D8-4175-836B-5C50B7DBF4B2}.Debug|Any CPU.Build.0 = Debug|Any CPU
		{764E6367-46D8-4175-836B-5C50B7DBF4B2}.Release|Any CPU.ActiveCfg = Release|Any CPU
		{764E6367-46D8-4175-836B-5C50B7DBF4B2}.Release|Any CPU.Build.0 = Release|Any CPU
		{15F55006-899D-4EC4-A99F-F3B2EC3185CA}.Debug|Any CPU.ActiveCfg = Debug|Any CPU
		{15F55006-899D-4EC4-A99F-F3B2EC3185CA}.Debug|Any CPU.Build.0 = Debug|Any CPU
		{15F55006-899D-4EC4-A99F-F3B2EC3185CA}.Release|Any CPU.ActiveCfg = Release|Any CPU
		{15F55006-899D-4EC4-A99F-F3B2EC3185CA}.Release|Any CPU.Build.0 = Release|Any CPU
		{61080717-D91F-405C-8286-F3C0E354DF43}.Debug|Any CPU.ActiveCfg = Debug|Any CPU
		{61080717-D91F-405C-8286-F3C0E354DF43}.Debug|Any CPU.Build.0 = Debug|Any CPU
		{61080717-D91F-405C-8286-F3C0E354DF43}.Release|Any CPU.ActiveCfg = Release|Any CPU
		{61080717-D91F-405C-8286-F3C0E354DF43}.Release|Any CPU.Build.0 = Release|Any CPU
		{5DA5CE51-948D-4314-86A7-36F921DDAA10}.Debug|Any CPU.ActiveCfg = Debug|Any CPU
		{5DA5CE51-948D-4314-86A7-36F921DDAA10}.Debug|Any CPU.Build.0 = Debug|Any CPU
		{5DA5CE51-948D-4314-86A7-36F921DDAA10}.Release|Any CPU.ActiveCfg = Release|Any CPU
		{5DA5CE51-948D-4314-86A7-36F921DDAA10}.Release|Any CPU.Build.0 = Release|Any CPU
	EndGlobalSection
	GlobalSection(SolutionProperties) = preSolution
		HideSolutionNode = FALSE
	EndGlobalSection
	GlobalSection(ExtensibilityGlobals) = postSolution
		SolutionGuid = {128D6C22-3C64-4464-BEBC-4BCF439408C7}
	EndGlobalSection
EndGlobal
